
Microsoft Visual Studio Solution File, Format Version 12.00
# Visual Studio 15
VisualStudioVersion = 15.0.27130.2010
MinimumVisualStudioVersion = 10.0.40219.1
Project("{9A19103F-16F7-4668-BE54-9A1E7A4F7556}") = "UConfig.Core", "UConfig.Core\UConfig.Core.csproj", "{CB6CEEAA-72D5-4F01-B2A3-7039DAD58C23}"
EndProject
Project("{FAE04EC0-301F-11D3-BF4B-00C04F79EFBC}") = "UConfig.Test", "UConfig.Test\UConfig.Test.csproj", "{54016B72-B9DD-4A16-8D9D-7F76E8307606}"
EndProject
Project("{2150E333-8FDC-42A3-9474-1A3956D46DE8}") = "common", "common", "{7D658964-CC4B-4C27-B033-BCAAA7036AEF}"
	ProjectSection(SolutionItems) = preProject
		..\README.md = ..\README.md
	EndProjectSection
EndProject
Global
	GlobalSection(SolutionConfigurationPlatforms) = preSolution
		Debug|Any CPU = Debug|Any CPU
		Release|Any CPU = Release|Any CPU
	EndGlobalSection
	GlobalSection(ProjectConfigurationPlatforms) = postSolution
		{CB6CEEAA-72D5-4F01-B2A3-7039DAD58C23}.Debug|Any CPU.ActiveCfg = Debug|Any CPU
		{CB6CEEAA-72D5-4F01-B2A3-7039DAD58C23}.Debug|Any CPU.Build.0 = Debug|Any CPU
		{CB6CEEAA-72D5-4F01-B2A3-7039DAD58C23}.Release|Any CPU.ActiveCfg = Release|Any CPU
		{CB6CEEAA-72D5-4F01-B2A3-7039DAD58C23}.Release|Any CPU.Build.0 = Release|Any CPU
		{54016B72-B9DD-4A16-8D9D-7F76E8307606}.Debug|Any CPU.ActiveCfg = Debug|Any CPU
		{54016B72-B9DD-4A16-8D9D-7F76E8307606}.Debug|Any CPU.Build.0 = Debug|Any CPU
		{54016B72-B9DD-4A16-8D9D-7F76E8307606}.Release|Any CPU.ActiveCfg = Release|Any CPU
		{54016B72-B9DD-4A16-8D9D-7F76E8307606}.Release|Any CPU.Build.0 = Release|Any CPU
	EndGlobalSection
	GlobalSection(SolutionProperties) = preSolution
		HideSolutionNode = FALSE
	EndGlobalSection
	GlobalSection(ExtensibilityGlobals) = postSolution
		SolutionGuid = {E7186099-4342-4170-883B-BE5057D9C342}
	EndGlobalSection
EndGlobal
